
Microsoft Visual Studio Solution File, Format Version 12.00
# Visual Studio 15
Project("{FAE04EC0-301F-11D3-BF4B-00C04F79EFBC}") = "Unity PC Assembly KinderGarten", "Unity PC Assembly KinderGarten.csproj", "{6C975DF3-5642-F717-08CB-022F479DBEFB}"
EndProject
Project("{FAE04EC0-301F-11D3-BF4B-00C04F79EFBC}") = "Unity PC Assembly KinderGarten.Editor", "Unity PC Assembly KinderGarten.Editor.csproj", "{1603B51F-181A-B4E1-9EA0-84ED558A0D40}"
EndProject
Global
	GlobalSection(SolutionConfigurationPlatforms) = preSolution
		Debug|Any CPU = Debug|Any CPU
		Release|Any CPU = Release|Any CPU
	EndGlobalSection
	GlobalSection(ProjectConfigurationPlatforms) = postSolution
		{6C975DF3-5642-F717-08CB-022F479DBEFB}.Debug|Any CPU.ActiveCfg = Debug|Any CPU
		{6C975DF3-5642-F717-08CB-022F479DBEFB}.Debug|Any CPU.Build.0 = Debug|Any CPU
		{6C975DF3-5642-F717-08CB-022F479DBEFB}.Release|Any CPU.ActiveCfg = Release|Any CPU
		{6C975DF3-5642-F717-08CB-022F479DBEFB}.Release|Any CPU.Build.0 = Release|Any CPU
		{1603B51F-181A-B4E1-9EA0-84ED558A0D40}.Debug|Any CPU.ActiveCfg = Debug|Any CPU
		{1603B51F-181A-B4E1-9EA0-84ED558A0D40}.Debug|Any CPU.Build.0 = Debug|Any CPU
		{1603B51F-181A-B4E1-9EA0-84ED558A0D40}.Release|Any CPU.ActiveCfg = Release|Any CPU
		{1603B51F-181A-B4E1-9EA0-84ED558A0D40}.Release|Any CPU.Build.0 = Release|Any CPU
	EndGlobalSection
	GlobalSection(SolutionProperties) = preSolution
		HideSolutionNode = FALSE
	EndGlobalSection
EndGlobal
